// !$*UTF8*$!
{
	archiveVersion = 1;
	classes = {
	};
	objectVersion = 55;
	objects = {

/* Begin PBXBuildFile section */
		7760DDBD279F0E9C00F0C611 /* SwiftUIPlaygroundApp.swift in Sources */ = {isa = PBXBuildFile; fileRef = 7760DDBC279F0E9C00F0C611 /* SwiftUIPlaygroundApp.swift */; };
		7760DDBF279F0E9C00F0C611 /* ContentView.swift in Sources */ = {isa = PBXBuildFile; fileRef = 7760DDBE279F0E9C00F0C611 /* ContentView.swift */; };
		7760DDC1279F0E9C00F0C611 /* Assets.xcassets in Resources */ = {isa = PBXBuildFile; fileRef = 7760DDC0279F0E9C00F0C611 /* Assets.xcassets */; };
		7760DDC4279F0E9C00F0C611 /* Preview Assets.xcassets in Resources */ = {isa = PBXBuildFile; fileRef = 7760DDC3279F0E9C00F0C611 /* Preview Assets.xcassets */; };
		7760DDCE279F0E9C00F0C611 /* SwiftUIPlaygroundTests.swift in Sources */ = {isa = PBXBuildFile; fileRef = 7760DDCD279F0E9C00F0C611 /* SwiftUIPlaygroundTests.swift */; };
		7760DDD8279F0E9C00F0C611 /* SwiftUIPlaygroundUITests.swift in Sources */ = {isa = PBXBuildFile; fileRef = 7760DDD7279F0E9C00F0C611 /* SwiftUIPlaygroundUITests.swift */; };
		7760DDDA279F0E9C00F0C611 /* SwiftUIPlaygroundUITestsLaunchTests.swift in Sources */ = {isa = PBXBuildFile; fileRef = 7760DDD9279F0E9C00F0C611 /* SwiftUIPlaygroundUITestsLaunchTests.swift */; };
/* End PBXBuildFile section */

/* Begin PBXContainerItemProxy section */
		7760DDCA279F0E9C00F0C611 /* PBXContainerItemProxy */ = {
			isa = PBXContainerItemProxy;
			containerPortal = 7760DDB1279F0E9C00F0C611 /* Project object */;
			proxyType = 1;
			remoteGlobalIDString = 7760DDB8279F0E9C00F0C611;
			remoteInfo = SwiftUIPlayground;
		};
		7760DDD4279F0E9C00F0C611 /* PBXContainerItemProxy */ = {
			isa = PBXContainerItemProxy;
			containerPortal = 7760DDB1279F0E9C00F0C611 /* Project object */;
			proxyType = 1;
			remoteGlobalIDString = 7760DDB8279F0E9C00F0C611;
			remoteInfo = SwiftUIPlayground;
		};
/* End PBXContainerItemProxy section */

/* Begin PBXFileReference section */
		7760DDB9279F0E9C00F0C611 /* SwiftUIPlayground.app */ = {isa = PBXFileReference; explicitFileType = wrapper.application; includeInIndex = 0; path = SwiftUIPlayground.app; sourceTree = BUILT_PRODUCTS_DIR; };
		7760DDBC279F0E9C00F0C611 /* SwiftUIPlaygroundApp.swift */ = {isa = PBXFileReference; lastKnownFileType = sourcecode.swift; path = SwiftUIPlaygroundApp.swift; sourceTree = "<group>"; };
		7760DDBE279F0E9C00F0C611 /* ContentView.swift */ = {isa = PBXFileReference; lastKnownFileType = sourcecode.swift; path = ContentView.swift; sourceTree = "<group>"; };
		7760DDC0279F0E9C00F0C611 /* Assets.xcassets */ = {isa = PBXFileReference; lastKnownFileType = folder.assetcatalog; path = Assets.xcassets; sourceTree = "<group>"; };
		7760DDC3279F0E9C00F0C611 /* Preview Assets.xcassets */ = {isa = PBXFileReference; lastKnownFileType = folder.assetcatalog; path = "Preview Assets.xcassets"; sourceTree = "<group>"; };
		7760DDC9279F0E9C00F0C611 /* SwiftUIPlaygroundTests.xctest */ = {isa = PBXFileReference; explicitFileType = wrapper.cfbundle; includeInIndex = 0; path = SwiftUIPlaygroundTests.xctest; sourceTree = BUILT_PRODUCTS_DIR; };
		7760DDCD279F0E9C00F0C611 /* SwiftUIPlaygroundTests.swift */ = {isa = PBXFileReference; lastKnownFileType = sourcecode.swift; path = SwiftUIPlaygroundTests.swift; sourceTree = "<group>"; };
		7760DDD3279F0E9C00F0C611 /* SwiftUIPlaygroundUITests.xctest */ = {isa = PBXFileReference; explicitFileType = wrapper.cfbundle; includeInIndex = 0; path = SwiftUIPlaygroundUITests.xctest; sourceTree = BUILT_PRODUCTS_DIR; };
		7760DDD7279F0E9C00F0C611 /* SwiftUIPlaygroundUITests.swift */ = {isa = PBXFileReference; lastKnownFileType = sourcecode.swift; path = SwiftUIPlaygroundUITests.swift; sourceTree = "<group>"; };
		7760DDD9279F0E9C00F0C611 /* SwiftUIPlaygroundUITestsLaunchTests.swift */ = {isa = PBXFileReference; lastKnownFileType = sourcecode.swift; path = SwiftUIPlaygroundUITestsLaunchTests.swift; sourceTree = "<group>"; };
/* End PBXFileReference section */

/* Begin PBXFrameworksBuildPhase section */
		7760DDB6279F0E9C00F0C611 /* Frameworks */ = {
			isa = PBXFrameworksBuildPhase;
			buildActionMask = 2147483647;
			files = (
			);
			runOnlyForDeploymentPostprocessing = 0;
		};
		7760DDC6279F0E9C00F0C611 /* Frameworks */ = {
			isa = PBXFrameworksBuildPhase;
			buildActionMask = 2147483647;
			files = (
			);
			runOnlyForDeploymentPostprocessing = 0;
		};
		7760DDD0279F0E9C00F0C611 /* Frameworks */ = {
			isa = PBXFrameworksBuildPhase;
			buildActionMask = 2147483647;
			files = (
			);
			runOnlyForDeploymentPostprocessing = 0;
		};
/* End PBXFrameworksBuildPhase section */

/* Begin PBXGroup section */
		7760DDB0279F0E9C00F0C611 = {
			isa = PBXGroup;
			children = (
				7760DDBB279F0E9C00F0C611 /* SwiftUIPlayground */,
				7760DDCC279F0E9C00F0C611 /* SwiftUIPlaygroundTests */,
				7760DDD6279F0E9C00F0C611 /* SwiftUIPlaygroundUITests */,
				7760DDBA279F0E9C00F0C611 /* Products */,
			);
			sourceTree = "<group>";
		};
		7760DDBA279F0E9C00F0C611 /* Products */ = {
			isa = PBXGroup;
			children = (
				7760DDB9279F0E9C00F0C611 /* SwiftUIPlayground.app */,
				7760DDC9279F0E9C00F0C611 /* SwiftUIPlaygroundTests.xctest */,
				7760DDD3279F0E9C00F0C611 /* SwiftUIPlaygroundUITests.xctest */,
			);
			name = Products;
			sourceTree = "<group>";
		};
		7760DDBB279F0E9C00F0C611 /* SwiftUIPlayground */ = {
			isa = PBXGroup;
			children = (
				7760DDBC279F0E9C00F0C611 /* SwiftUIPlaygroundApp.swift */,
				7760DDBE279F0E9C00F0C611 /* ContentView.swift */,
				7760DDC0279F0E9C00F0C611 /* Assets.xcassets */,
				7760DDC2279F0E9C00F0C611 /* Preview Content */,
			);
			path = SwiftUIPlayground;
			sourceTree = "<group>";
		};
		7760DDC2279F0E9C00F0C611 /* Preview Content */ = {
			isa = PBXGroup;
			children = (
				7760DDC3279F0E9C00F0C611 /* Preview Assets.xcassets */,
			);
			path = "Preview Content";
			sourceTree = "<group>";
		};
		7760DDCC279F0E9C00F0C611 /* SwiftUIPlaygroundTests */ = {
			isa = PBXGroup;
			children = (
				7760DDCD279F0E9C00F0C611 /* SwiftUIPlaygroundTests.swift */,
			);
			path = SwiftUIPlaygroundTests;
			sourceTree = "<group>";
		};
		7760DDD6279F0E9C00F0C611 /* SwiftUIPlaygroundUITests */ = {
			isa = PBXGroup;
			children = (
				7760DDD7279F0E9C00F0C611 /* SwiftUIPlaygroundUITests.swift */,
				7760DDD9279F0E9C00F0C611 /* SwiftUIPlaygroundUITestsLaunchTests.swift */,
			);
			path = SwiftUIPlaygroundUITests;
			sourceTree = "<group>";
		};
/* End PBXGroup section */

/* Begin PBXNativeTarget section */
		7760DDB8279F0E9C00F0C611 /* SwiftUIPlayground */ = {
			isa = PBXNativeTarget;
			buildConfigurationList = 7760DDDD279F0E9C00F0C611 /* Build configuration list for PBXNativeTarget "SwiftUIPlayground" */;
			buildPhases = (
				7760DDB5279F0E9C00F0C611 /* Sources */,
				7760DDB6279F0E9C00F0C611 /* Frameworks */,
				7760DDB7279F0E9C00F0C611 /* Resources */,
			);
			buildRules = (
			);
			dependencies = (
			);
			name = SwiftUIPlayground;
			productName = SwiftUIPlayground;
			productReference = 7760DDB9279F0E9C00F0C611 /* SwiftUIPlayground.app */;
			productType = "com.apple.product-type.application";
		};
		7760DDC8279F0E9C00F0C611 /* SwiftUIPlaygroundTests */ = {
			isa = PBXNativeTarget;
			buildConfigurationList = 7760DDE0279F0E9C00F0C611 /* Build configuration list for PBXNativeTarget "SwiftUIPlaygroundTests" */;
			buildPhases = (
				7760DDC5279F0E9C00F0C611 /* Sources */,
				7760DDC6279F0E9C00F0C611 /* Frameworks */,
				7760DDC7279F0E9C00F0C611 /* Resources */,
			);
			buildRules = (
			);
			dependencies = (
				7760DDCB279F0E9C00F0C611 /* PBXTargetDependency */,
			);
			name = SwiftUIPlaygroundTests;
			productName = SwiftUIPlaygroundTests;
			productReference = 7760DDC9279F0E9C00F0C611 /* SwiftUIPlaygroundTests.xctest */;
			productType = "com.apple.product-type.bundle.unit-test";
		};
		7760DDD2279F0E9C00F0C611 /* SwiftUIPlaygroundUITests */ = {
			isa = PBXNativeTarget;
			buildConfigurationList = 7760DDE3279F0E9C00F0C611 /* Build configuration list for PBXNativeTarget "SwiftUIPlaygroundUITests" */;
			buildPhases = (
				7760DDCF279F0E9C00F0C611 /* Sources */,
				7760DDD0279F0E9C00F0C611 /* Frameworks */,
				7760DDD1279F0E9C00F0C611 /* Resources */,
			);
			buildRules = (
			);
			dependencies = (
				7760DDD5279F0E9C00F0C611 /* PBXTargetDependency */,
			);
			name = SwiftUIPlaygroundUITests;
			productName = SwiftUIPlaygroundUITests;
			productReference = 7760DDD3279F0E9C00F0C611 /* SwiftUIPlaygroundUITests.xctest */;
			productType = "com.apple.product-type.bundle.ui-testing";
		};
/* End PBXNativeTarget section */

/* Begin PBXProject section */
		7760DDB1279F0E9C00F0C611 /* Project object */ = {
			isa = PBXProject;
			attributes = {
				BuildIndependentTargetsInParallel = 1;
				LastSwiftUpdateCheck = 1320;
				LastUpgradeCheck = 1320;
				TargetAttributes = {
					7760DDB8279F0E9C00F0C611 = {
						CreatedOnToolsVersion = 13.2.1;
					};
					7760DDC8279F0E9C00F0C611 = {
						CreatedOnToolsVersion = 13.2.1;
						TestTargetID = 7760DDB8279F0E9C00F0C611;
					};
					7760DDD2279F0E9C00F0C611 = {
						CreatedOnToolsVersion = 13.2.1;
						TestTargetID = 7760DDB8279F0E9C00F0C611;
					};
				};
			};
			buildConfigurationList = 7760DDB4279F0E9C00F0C611 /* Build configuration list for PBXProject "SwiftUIPlayground" */;
			compatibilityVersion = "Xcode 13.0";
			developmentRegion = en;
			hasScannedForEncodings = 0;
			knownRegions = (
				en,
				Base,
			);
			mainGroup = 7760DDB0279F0E9C00F0C611;
			productRefGroup = 7760DDBA279F0E9C00F0C611 /* Products */;
			projectDirPath = "";
			projectRoot = "";
			targets = (
				7760DDB8279F0E9C00F0C611 /* SwiftUIPlayground */,
				7760DDC8279F0E9C00F0C611 /* SwiftUIPlaygroundTests */,
				7760DDD2279F0E9C00F0C611 /* SwiftUIPlaygroundUITests */,
			);
		};
/* End PBXProject section */

/* Begin PBXResourcesBuildPhase section */
		7760DDB7279F0E9C00F0C611 /* Resources */ = {
			isa = PBXResourcesBuildPhase;
			buildActionMask = 2147483647;
			files = (
				7760DDC4279F0E9C00F0C611 /* Preview Assets.xcassets in Resources */,
				7760DDC1279F0E9C00F0C611 /* Assets.xcassets in Resources */,
			);
			runOnlyForDeploymentPostprocessing = 0;
		};
		7760DDC7279F0E9C00F0C611 /* Resources */ = {
			isa = PBXResourcesBuildPhase;
			buildActionMask = 2147483647;
			files = (
			);
			runOnlyForDeploymentPostprocessing = 0;
		};
		7760DDD1279F0E9C00F0C611 /* Resources */ = {
			isa = PBXResourcesBuildPhase;
			buildActionMask = 2147483647;
			files = (
			);
			runOnlyForDeploymentPostprocessing = 0;
		};
/* End PBXResourcesBuildPhase section */

/* Begin PBXSourcesBuildPhase section */
		7760DDB5279F0E9C00F0C611 /* Sources */ = {
			isa = PBXSourcesBuildPhase;
			buildActionMask = 2147483647;
			files = (
				7760DDBF279F0E9C00F0C611 /* ContentView.swift in Sources */,
				7760DDBD279F0E9C00F0C611 /* SwiftUIPlaygroundApp.swift in Sources */,
			);
			runOnlyForDeploymentPostprocessing = 0;
		};
		7760DDC5279F0E9C00F0C611 /* Sources */ = {
			isa = PBXSourcesBuildPhase;
			buildActionMask = 2147483647;
			files = (
				7760DDCE279F0E9C00F0C611 /* SwiftUIPlaygroundTests.swift in Sources */,
			);
			runOnlyForDeploymentPostprocessing = 0;
		};
		7760DDCF279F0E9C00F0C611 /* Sources */ = {
			isa = PBXSourcesBuildPhase;
			buildActionMask = 2147483647;
			files = (
				7760DDD8279F0E9C00F0C611 /* SwiftUIPlaygroundUITests.swift in Sources */,
				7760DDDA279F0E9C00F0C611 /* SwiftUIPlaygroundUITestsLaunchTests.swift in Sources */,
			);
			runOnlyForDeploymentPostprocessing = 0;
		};
/* End PBXSourcesBuildPhase section */

/* Begin PBXTargetDependency section */
		7760DDCB279F0E9C00F0C611 /* PBXTargetDependency */ = {
			isa = PBXTargetDependency;
			target = 7760DDB8279F0E9C00F0C611 /* SwiftUIPlayground */;
			targetProxy = 7760DDCA279F0E9C00F0C611 /* PBXContainerItemProxy */;
		};
		7760DDD5279F0E9C00F0C611 /* PBXTargetDependency */ = {
			isa = PBXTargetDependency;
			target = 7760DDB8279F0E9C00F0C611 /* SwiftUIPlayground */;
			targetProxy = 7760DDD4279F0E9C00F0C611 /* PBXContainerItemProxy */;
		};
/* End PBXTargetDependency section */

/* Begin XCBuildConfiguration section */
		7760DDDB279F0E9C00F0C611 /* Debug */ = {
			isa = XCBuildConfiguration;
			buildSettings = {
				ALWAYS_SEARCH_USER_PATHS = NO;
				CLANG_ANALYZER_NONNULL = YES;
				CLANG_ANALYZER_NUMBER_OBJECT_CONVERSION = YES_AGGRESSIVE;
				CLANG_CXX_LANGUAGE_STANDARD = "gnu++17";
				CLANG_CXX_LIBRARY = "libc++";
				CLANG_ENABLE_MODULES = YES;
				CLANG_ENABLE_OBJC_ARC = YES;
				CLANG_ENABLE_OBJC_WEAK = YES;
				CLANG_WARN_BLOCK_CAPTURE_AUTORELEASING = YES;
				CLANG_WARN_BOOL_CONVERSION = YES;
				CLANG_WARN_COMMA = YES;
				CLANG_WARN_CONSTANT_CONVERSION = YES;
				CLANG_WARN_DEPRECATED_OBJC_IMPLEMENTATIONS = YES;
				CLANG_WARN_DIRECT_OBJC_ISA_USAGE = YES_ERROR;
				CLANG_WARN_DOCUMENTATION_COMMENTS = YES;
				CLANG_WARN_EMPTY_BODY = YES;
				CLANG_WARN_ENUM_CONVERSION = YES;
				CLANG_WARN_INFINITE_RECURSION = YES;
				CLANG_WARN_INT_CONVERSION = YES;
				CLANG_WARN_NON_LITERAL_NULL_CONVERSION = YES;
				CLANG_WARN_OBJC_IMPLICIT_RETAIN_SELF = YES;
				CLANG_WARN_OBJC_LITERAL_CONVERSION = YES;
				CLANG_WARN_OBJC_ROOT_CLASS = YES_ERROR;
				CLANG_WARN_QUOTED_INCLUDE_IN_FRAMEWORK_HEADER = YES;
				CLANG_WARN_RANGE_LOOP_ANALYSIS = YES;
				CLANG_WARN_STRICT_PROTOTYPES = YES;
				CLANG_WARN_SUSPICIOUS_MOVE = YES;
				CLANG_WARN_UNGUARDED_AVAILABILITY = YES_AGGRESSIVE;
				CLANG_WARN_UNREACHABLE_CODE = YES;
				CLANG_WARN__DUPLICATE_METHOD_MATCH = YES;
				COPY_PHASE_STRIP = NO;
				DEBUG_INFORMATION_FORMAT = dwarf;
				ENABLE_STRICT_OBJC_MSGSEND = YES;
				ENABLE_TESTABILITY = YES;
				GCC_C_LANGUAGE_STANDARD = gnu11;
				GCC_DYNAMIC_NO_PIC = NO;
				GCC_NO_COMMON_BLOCKS = YES;
				GCC_OPTIMIZATION_LEVEL = 0;
				GCC_PREPROCESSOR_DEFINITIONS = (
					"DEBUG=1",
					"$(inherited)",
				);
				GCC_WARN_64_TO_32_BIT_CONVERSION = YES;
				GCC_WARN_ABOUT_RETURN_TYPE = YES_ERROR;
				GCC_WARN_UNDECLARED_SELECTOR = YES;
				GCC_WARN_UNINITIALIZED_AUTOS = YES_AGGRESSIVE;
				GCC_WARN_UNUSED_FUNCTION = YES;
				GCC_WARN_UNUSED_VARIABLE = YES;
				IPHONEOS_DEPLOYMENT_TARGET = 15.2;
				MTL_ENABLE_DEBUG_INFO = INCLUDE_SOURCE;
				MTL_FAST_MATH = YES;
				ONLY_ACTIVE_ARCH = YES;
				SDKROOT = iphoneos;
				SWIFT_ACTIVE_COMPILATION_CONDITIONS = DEBUG;
				SWIFT_OPTIMIZATION_LEVEL = "-Onone";
			};
			name = Debug;
		};
		7760DDDC279F0E9C00F0C611 /* Release */ = {
			isa = XCBuildConfiguration;
			buildSettings = {
				ALWAYS_SEARCH_USER_PATHS = NO;
				CLANG_ANALYZER_NONNULL = YES;
				CLANG_ANALYZER_NUMBER_OBJECT_CONVERSION = YES_AGGRESSIVE;
				CLANG_CXX_LANGUAGE_STANDARD = "gnu++17";
				CLANG_CXX_LIBRARY = "libc++";
				CLANG_ENABLE_MODULES = YES;
				CLANG_ENABLE_OBJC_ARC = YES;
				CLANG_ENABLE_OBJC_WEAK = YES;
				CLANG_WARN_BLOCK_CAPTURE_AUTORELEASING = YES;
				CLANG_WARN_BOOL_CONVERSION = YES;
				CLANG_WARN_COMMA = YES;
				CLANG_WARN_CONSTANT_CONVERSION = YES;
				CLANG_WARN_DEPRECATED_OBJC_IMPLEMENTATIONS = YES;
				CLANG_WARN_DIRECT_OBJC_ISA_USAGE = YES_ERROR;
				CLANG_WARN_DOCUMENTATION_COMMENTS = YES;
				CLANG_WARN_EMPTY_BODY = YES;
				CLANG_WARN_ENUM_CONVERSION = YES;
				CLANG_WARN_INFINITE_RECURSION = YES;
				CLANG_WARN_INT_CONVERSION = YES;
				CLANG_WARN_NON_LITERAL_NULL_CONVERSION = YES;
				CLANG_WARN_OBJC_IMPLICIT_RETAIN_SELF = YES;
				CLANG_WARN_OBJC_LITERAL_CONVERSION = YES;
				CLANG_WARN_OBJC_ROOT_CLASS = YES_ERROR;
				CLANG_WARN_QUOTED_INCLUDE_IN_FRAMEWORK_HEADER = YES;
				CLANG_WARN_RANGE_LOOP_ANALYSIS = YES;
				CLANG_WARN_STRICT_PROTOTYPES = YES;
				CLANG_WARN_SUSPICIOUS_MOVE = YES;
				CLANG_WARN_UNGUARDED_AVAILABILITY = YES_AGGRESSIVE;
				CLANG_WARN_UNREACHABLE_CODE = YES;
				CLANG_WARN__DUPLICATE_METHOD_MATCH = YES;
				COPY_PHASE_STRIP = NO;
				DEBUG_INFORMATION_FORMAT = "dwarf-with-dsym";
				ENABLE_NS_ASSERTIONS = NO;
				ENABLE_STRICT_OBJC_MSGSEND = YES;
				GCC_C_LANGUAGE_STANDARD = gnu11;
				GCC_NO_COMMON_BLOCKS = YES;
				GCC_WARN_64_TO_32_BIT_CONVERSION = YES;
				GCC_WARN_ABOUT_RETURN_TYPE = YES_ERROR;
				GCC_WARN_UNDECLARED_SELECTOR = YES;
				GCC_WARN_UNINITIALIZED_AUTOS = YES_AGGRESSIVE;
				GCC_WARN_UNUSED_FUNCTION = YES;
				GCC_WARN_UNUSED_VARIABLE = YES;
				IPHONEOS_DEPLOYMENT_TARGET = 15.2;
				MTL_ENABLE_DEBUG_INFO = NO;
				MTL_FAST_MATH = YES;
				SDKROOT = iphoneos;
				SWIFT_COMPILATION_MODE = wholemodule;
				SWIFT_OPTIMIZATION_LEVEL = "-O";
				VALIDATE_PRODUCT = YES;
			};
			name = Release;
		};
		7760DDDE279F0E9C00F0C611 /* Debug */ = {
			isa = XCBuildConfiguration;
			buildSettings = {
				ASSETCATALOG_COMPILER_APPICON_NAME = AppIcon;
				ASSETCATALOG_COMPILER_GLOBAL_ACCENT_COLOR_NAME = AccentColor;
				CODE_SIGN_STYLE = Automatic;
				CURRENT_PROJECT_VERSION = 1;
				DEVELOPMENT_ASSET_PATHS = "\"SwiftUIPlayground/Preview Content\"";
				DEVELOPMENT_TEAM = YA88X6939N;
				ENABLE_PREVIEWS = YES;
				GENERATE_INFOPLIST_FILE = YES;
				INFOPLIST_KEY_UIApplicationSceneManifest_Generation = YES;
				INFOPLIST_KEY_UIApplicationSupportsIndirectInputEvents = YES;
				INFOPLIST_KEY_UILaunchScreen_Generation = YES;
				INFOPLIST_KEY_UISupportedInterfaceOrientations_iPad = "UIInterfaceOrientationPortrait UIInterfaceOrientationPortraitUpsideDown UIInterfaceOrientationLandscapeLeft UIInterfaceOrientationLandscapeRight";
				INFOPLIST_KEY_UISupportedInterfaceOrientations_iPhone = "UIInterfaceOrientationPortrait UIInterfaceOrientationLandscapeLeft UIInterfaceOrientationLandscapeRight";
				LD_RUNPATH_SEARCH_PATHS = (
					"$(inherited)",
					"@executable_path/Frameworks",
				);
				MARKETING_VERSION = 1.0;
				PRODUCT_BUNDLE_IDENTIFIER = me.dnlsmy.SwiftUIPlayground;
				PRODUCT_NAME = "$(TARGET_NAME)";
				SWIFT_EMIT_LOC_STRINGS = YES;
				SWIFT_VERSION = 5.0;
				TARGETED_DEVICE_FAMILY = "1,2";
			};
			name = Debug;
		};
		7760DDDF279F0E9C00F0C611 /* Release */ = {
			isa = XCBuildConfiguration;
			buildSettings = {
				ASSETCATALOG_COMPILER_APPICON_NAME = AppIcon;
				ASSETCATALOG_COMPILER_GLOBAL_ACCENT_COLOR_NAME = AccentColor;
				CODE_SIGN_STYLE = Automatic;
				CURRENT_PROJECT_VERSION = 1;
				DEVELOPMENT_ASSET_PATHS = "\"SwiftUIPlayground/Preview Content\"";
				DEVELOPMENT_TEAM = YA88X6939N;
				ENABLE_PREVIEWS = YES;
				GENERATE_INFOPLIST_FILE = YES;
				INFOPLIST_KEY_UIApplicationSceneManifest_Generation = YES;
				INFOPLIST_KEY_UIApplicationSupportsIndirectInputEvents = YES;
				INFOPLIST_KEY_UILaunchScreen_Generation = YES;
				INFOPLIST_KEY_UISupportedInterfaceOrientations_iPad = "UIInterfaceOrientationPortrait UIInterfaceOrientationPortraitUpsideDown UIInterfaceOrientationLandscapeLeft UIInterfaceOrientationLandscapeRight";
				INFOPLIST_KEY_UISupportedInterfaceOrientations_iPhone = "UIInterfaceOrientationPortrait UIInterfaceOrientationLandscapeLeft UIInterfaceOrientationLandscapeRight";
				LD_RUNPATH_SEARCH_PATHS = (
					"$(inherited)",
					"@executable_path/Frameworks",
				);
				MARKETING_VERSION = 1.0;
				PRODUCT_BUNDLE_IDENTIFIER = me.dnlsmy.SwiftUIPlayground;
				PRODUCT_NAME = "$(TARGET_NAME)";
				SWIFT_EMIT_LOC_STRINGS = YES;
				SWIFT_VERSION = 5.0;
				TARGETED_DEVICE_FAMILY = "1,2";
			};
			name = Release;
		};
		7760DDE1279F0E9C00F0C611 /* Debug */ = {
			isa = XCBuildConfiguration;
			buildSettings = {
				ALWAYS_EMBED_SWIFT_STANDARD_LIBRARIES = YES;
				BUNDLE_LOADER = "$(TEST_HOST)";
				CODE_SIGN_STYLE = Automatic;
				CURRENT_PROJECT_VERSION = 1;
				DEVELOPMENT_TEAM = YA88X6939N;
				GENERATE_INFOPLIST_FILE = YES;
				IPHONEOS_DEPLOYMENT_TARGET = 15.2;
				MARKETING_VERSION = 1.0;
				PRODUCT_BUNDLE_IDENTIFIER = me.dnlsmy.SwiftUIPlaygroundTests;
				PRODUCT_NAME = "$(TARGET_NAME)";
				SWIFT_EMIT_LOC_STRINGS = NO;
				SWIFT_VERSION = 5.0;
				TARGETED_DEVICE_FAMILY = "1,2";
				TEST_HOST = "$(BUILT_PRODUCTS_DIR)/SwiftUIPlayground.app/SwiftUIPlayground";
			};
			name = Debug;
		};
		7760DDE2279F0E9C00F0C611 /* Release */ = {
			isa = XCBuildConfiguration;
			buildSettings = {
				ALWAYS_EMBED_SWIFT_STANDARD_LIBRARIES = YES;
				BUNDLE_LOADER = "$(TEST_HOST)";
				CODE_SIGN_STYLE = Automatic;
				CURRENT_PROJECT_VERSION = 1;
				DEVELOPMENT_TEAM = YA88X6939N;
				GENERATE_INFOPLIST_FILE = YES;
				IPHONEOS_DEPLOYMENT_TARGET = 15.2;
				MARKETING_VERSION = 1.0;
				PRODUCT_BUNDLE_IDENTIFIER = me.dnlsmy.SwiftUIPlaygroundTests;
				PRODUCT_NAME = "$(TARGET_NAME)";
				SWIFT_EMIT_LOC_STRINGS = NO;
				SWIFT_VERSION = 5.0;
				TARGETED_DEVICE_FAMILY = "1,2";
				TEST_HOST = "$(BUILT_PRODUCTS_DIR)/SwiftUIPlayground.app/SwiftUIPlayground";
			};
			name = Release;
		};
		7760DDE4279F0E9C00F0C611 /* Debug */ = {
			isa = XCBuildConfiguration;
			buildSettings = {
				ALWAYS_EMBED_SWIFT_STANDARD_LIBRARIES = YES;
				CODE_SIGN_STYLE = Automatic;
				CURRENT_PROJECT_VERSION = 1;
				DEVELOPMENT_TEAM = YA88X6939N;
				GENERATE_INFOPLIST_FILE = YES;
				MARKETING_VERSION = 1.0;
				PRODUCT_BUNDLE_IDENTIFIER = me.dnlsmy.SwiftUIPlaygroundUITests;
				PRODUCT_NAME = "$(TARGET_NAME)";
				SWIFT_EMIT_LOC_STRINGS = NO;
				SWIFT_VERSION = 5.0;
				TARGETED_DEVICE_FAMILY = "1,2";
				TEST_TARGET_NAME = SwiftUIPlayground;
			};
			name = Debug;
		};
		7760DDE5279F0E9C00F0C611 /* Release */ = {
			isa = XCBuildConfiguration;
			buildSettings = {
				ALWAYS_EMBED_SWIFT_STANDARD_LIBRARIES = YES;
				CODE_SIGN_STYLE = Automatic;
				CURRENT_PROJECT_VERSION = 1;
				DEVELOPMENT_TEAM = YA88X6939N;
				GENERATE_INFOPLIST_FILE = YES;
				MARKETING_VERSION = 1.0;
				PRODUCT_BUNDLE_IDENTIFIER = me.dnlsmy.SwiftUIPlaygroundUITests;
				PRODUCT_NAME = "$(TARGET_NAME)";
				SWIFT_EMIT_LOC_STRINGS = NO;
				SWIFT_VERSION = 5.0;
				TARGETED_DEVICE_FAMILY = "1,2";
				TEST_TARGET_NAME = SwiftUIPlayground;
			};
			name = Release;
		};
/* End XCBuildConfiguration section */

/* Begin XCConfigurationList section */
		7760DDB4279F0E9C00F0C611 /* Build configuration list for PBXProject "SwiftUIPlayground" */ = {
			isa = XCConfigurationList;
			buildConfigurations = (
				7760DDDB279F0E9C00F0C611 /* Debug */,
				7760DDDC279F0E9C00F0C611 /* Release */,
			);
			defaultConfigurationIsVisible = 0;
			defaultConfigurationName = Release;
		};
		7760DDDD279F0E9C00F0C611 /* Build configuration list for PBXNativeTarget "SwiftUIPlayground" */ = {
			isa = XCConfigurationList;
			buildConfigurations = (
				7760DDDE279F0E9C00F0C611 /* Debug */,
				7760DDDF279F0E9C00F0C611 /* Release */,
			);
			defaultConfigurationIsVisible = 0;
			defaultConfigurationName = Release;
		};
		7760DDE0279F0E9C00F0C611 /* Build configuration list for PBXNativeTarget "SwiftUIPlaygroundTests" */ = {
			isa = XCConfigurationList;
			buildConfigurations = (
				7760DDE1279F0E9C00F0C611 /* Debug */,
				7760DDE2279F0E9C00F0C611 /* Release */,
			);
			defaultConfigurationIsVisible = 0;
			defaultConfigurationName = Release;
		};
		7760DDE3279F0E9C00F0C611 /* Build configuration list for PBXNativeTarget "SwiftUIPlaygroundUITests" */ = {
			isa = XCConfigurationList;
			buildConfigurations = (
				7760DDE4279F0E9C00F0C611 /* Debug */,
				7760DDE5279F0E9C00F0C611 /* Release */,
			);
			defaultConfigurationIsVisible = 0;
			defaultConfigurationName = Release;
		};
/* End XCConfigurationList section */
	};
	rootObject = 7760DDB1279F0E9C00F0C611 /* Project object */;
}
